// !$*UTF8*$!
{
	archiveVersion = 1;
	classes = {
	};
	objectVersion = 46;
	objects = {

/* Begin PBXBuildFile section */
		5114B1431D3D975E002D339B /* AppDelegate.m in Sources */ = {isa = PBXBuildFile; fileRef = 5114B1421D3D975E002D339B /* AppDelegate.m */; };
		5114B1491D3D975E002D339B /* Main.storyboard in Resources */ = {isa = PBXBuildFile; fileRef = 5114B1471D3D975E002D339B /* Main.storyboard */; };
		5114B14E1D3D975E002D339B /* LaunchScreen.storyboard in Resources */ = {isa = PBXBuildFile; fileRef = 5114B14C1D3D975E002D339B /* LaunchScreen.storyboard */; };
		5114B1711D3DAF2B002D339B /* ChatListController.m in Sources */ = {isa = PBXBuildFile; fileRef = 5114B1701D3DAF2B002D339B /* ChatListController.m */; };
		5114B1741D3DB7EA002D339B /* ChatViewController.m in Sources */ = {isa = PBXBuildFile; fileRef = 5114B1731D3DB7EA002D339B /* ChatViewController.m */; };
		5114B1771D3ED4F4002D339B /* Message.m in Sources */ = {isa = PBXBuildFile; fileRef = 5114B1761D3ED4F4002D339B /* Message.m */; };
		7E499762203FB686004FEE06 /* MapPerson.m in Sources */ = {isa = PBXBuildFile; fileRef = 7E499761203FB686004FEE06 /* MapPerson.m */; };
		7E499764203FC3D1004FEE06 /* main.m in Sources */ = {isa = PBXBuildFile; fileRef = 7E499763203FC3D1004FEE06 /* main.m */; };
		7E49976A203FD8D3004FEE06 /* DetailsForm.m in Sources */ = {isa = PBXBuildFile; fileRef = 7E499769203FD8D3004FEE06 /* DetailsForm.m */; };
		7E58EC95201D758E001FECCB /* MapController.m in Sources */ = {isa = PBXBuildFile; fileRef = 7E58EC94201D758E001FECCB /* MapController.m */; };
		7E58EC97201D9812001FECCB /* MapKit.framework in Frameworks */ = {isa = PBXBuildFile; fileRef = 7E58EC96201D9812001FECCB /* MapKit.framework */; };
		7E8D3598201B1A3D0015851C /* Assets.xcassets in Resources */ = {isa = PBXBuildFile; fileRef = 7E8D3597201B1A3D0015851C /* Assets.xcassets */; };
		7EC804BA202D485B009E961C /* MapAnnotation.m in Sources */ = {isa = PBXBuildFile; fileRef = 7EC804B9202D485B009E961C /* MapAnnotation.m */; };
		847978DF20AFC4B800A379EA /* Location.m in Sources */ = {isa = PBXBuildFile; fileRef = 847978DD20AFC4B800A379EA /* Location.m */; };
		887973158E9D47EC0F47266D /* libPods-ChatSample.a in Frameworks */ = {isa = PBXBuildFile; fileRef = 4D7C73E0FA3AD98AD277E8A2 /* libPods-ChatSample.a */; };
/* End PBXBuildFile section */

/* Begin PBXCopyFilesBuildPhase section */
		5114B1611D3DA1C3002D339B /* Embed Frameworks */ = {
			isa = PBXCopyFilesBuildPhase;
			buildActionMask = 2147483647;
			dstPath = "";
			dstSubfolderSpec = 10;
			files = (
			);
			name = "Embed Frameworks";
			runOnlyForDeploymentPostprocessing = 0;
		};
/* End PBXCopyFilesBuildPhase section */

/* Begin PBXFileReference section */
		4D7C73E0FA3AD98AD277E8A2 /* libPods-ChatSample.a */ = {isa = PBXFileReference; explicitFileType = archive.ar; includeInIndex = 0; path = "libPods-ChatSample.a"; sourceTree = BUILT_PRODUCTS_DIR; };
		5114B13B1D3D975E002D339B /* ChatSample.app */ = {isa = PBXFileReference; explicitFileType = wrapper.application; includeInIndex = 0; path = ChatSample.app; sourceTree = BUILT_PRODUCTS_DIR; };
		5114B1411D3D975E002D339B /* AppDelegate.h */ = {isa = PBXFileReference; lastKnownFileType = sourcecode.c.h; path = AppDelegate.h; sourceTree = "<group>"; };
		5114B1421D3D975E002D339B /* AppDelegate.m */ = {isa = PBXFileReference; lastKnownFileType = sourcecode.c.objc; path = AppDelegate.m; sourceTree = "<group>"; };
		5114B1481D3D975E002D339B /* Base */ = {isa = PBXFileReference; lastKnownFileType = file.storyboard; name = Base; path = Base.lproj/Main.storyboard; sourceTree = "<group>"; };
		5114B14D1D3D975E002D339B /* Base */ = {isa = PBXFileReference; lastKnownFileType = file.storyboard; name = Base; path = Base.lproj/LaunchScreen.storyboard; sourceTree = "<group>"; };
		5114B14F1D3D975E002D339B /* Info.plist */ = {isa = PBXFileReference; lastKnownFileType = text.plist.xml; path = Info.plist; sourceTree = "<group>"; };
		5114B16F1D3DAF2B002D339B /* ChatListController.h */ = {isa = PBXFileReference; fileEncoding = 4; lastKnownFileType = sourcecode.c.h; path = ChatListController.h; sourceTree = "<group>"; };
		5114B1701D3DAF2B002D339B /* ChatListController.m */ = {isa = PBXFileReference; fileEncoding = 4; lastKnownFileType = sourcecode.c.objc; path = ChatListController.m; sourceTree = "<group>"; };
		5114B1721D3DB7EA002D339B /* ChatViewController.h */ = {isa = PBXFileReference; fileEncoding = 4; lastKnownFileType = sourcecode.c.h; path = ChatViewController.h; sourceTree = "<group>"; };
		5114B1731D3DB7EA002D339B /* ChatViewController.m */ = {isa = PBXFileReference; fileEncoding = 4; lastKnownFileType = sourcecode.c.objc; path = ChatViewController.m; sourceTree = "<group>"; };
		5114B1751D3ED4F4002D339B /* Message.h */ = {isa = PBXFileReference; fileEncoding = 4; lastKnownFileType = sourcecode.c.h; path = Message.h; sourceTree = "<group>"; };
		5114B1761D3ED4F4002D339B /* Message.m */ = {isa = PBXFileReference; fileEncoding = 4; lastKnownFileType = sourcecode.c.objc; path = Message.m; sourceTree = "<group>"; };
		7E499760203FB686004FEE06 /* MapPerson.h */ = {isa = PBXFileReference; lastKnownFileType = sourcecode.c.h; path = MapPerson.h; sourceTree = "<group>"; };
		7E499761203FB686004FEE06 /* MapPerson.m */ = {isa = PBXFileReference; lastKnownFileType = sourcecode.c.objc; path = MapPerson.m; sourceTree = "<group>"; };
		7E499763203FC3D1004FEE06 /* main.m */ = {isa = PBXFileReference; lastKnownFileType = sourcecode.c.objc; path = main.m; sourceTree = "<group>"; };
		7E499768203FD8D3004FEE06 /* DetailsForm.h */ = {isa = PBXFileReference; lastKnownFileType = sourcecode.c.h; path = DetailsForm.h; sourceTree = "<group>"; };
		7E499769203FD8D3004FEE06 /* DetailsForm.m */ = {isa = PBXFileReference; lastKnownFileType = sourcecode.c.objc; path = DetailsForm.m; sourceTree = "<group>"; };
		7E58EC93201D7455001FECCB /* MapController.h */ = {isa = PBXFileReference; lastKnownFileType = sourcecode.c.h; path = MapController.h; sourceTree = "<group>"; };
		7E58EC94201D758E001FECCB /* MapController.m */ = {isa = PBXFileReference; lastKnownFileType = sourcecode.c.objc; path = MapController.m; sourceTree = "<group>"; };
		7E58EC96201D9812001FECCB /* MapKit.framework */ = {isa = PBXFileReference; lastKnownFileType = wrapper.framework; name = MapKit.framework; path = System/Library/Frameworks/MapKit.framework; sourceTree = SDKROOT; };
		7E8D3597201B1A3D0015851C /* Assets.xcassets */ = {isa = PBXFileReference; lastKnownFileType = folder.assetcatalog; path = Assets.xcassets; sourceTree = "<group>"; };
		7EC804B9202D485B009E961C /* MapAnnotation.m */ = {isa = PBXFileReference; lastKnownFileType = sourcecode.c.objc; path = MapAnnotation.m; sourceTree = "<group>"; };
		7EC804BB202D4877009E961C /* MapAnnotation.h */ = {isa = PBXFileReference; lastKnownFileType = sourcecode.c.h; path = MapAnnotation.h; sourceTree = "<group>"; };
		801B08660A63D406584BBDCE /* Pods-ChatSample.release.xcconfig */ = {isa = PBXFileReference; includeInIndex = 1; lastKnownFileType = text.xcconfig; name = "Pods-ChatSample.release.xcconfig"; path = "Pods/Target Support Files/Pods-ChatSample/Pods-ChatSample.release.xcconfig"; sourceTree = "<group>"; };
		847978DD20AFC4B800A379EA /* Location.m */ = {isa = PBXFileReference; fileEncoding = 4; lastKnownFileType = sourcecode.c.objc; path = Location.m; sourceTree = "<group>"; };
		847978DE20AFC4B800A379EA /* Location.h */ = {isa = PBXFileReference; fileEncoding = 4; lastKnownFileType = sourcecode.c.h; path = Location.h; sourceTree = "<group>"; };
		8613FF8DA5AB6F0C36D2D42E /* Pods-ChatSample.debug.xcconfig */ = {isa = PBXFileReference; includeInIndex = 1; lastKnownFileType = text.xcconfig; name = "Pods-ChatSample.debug.xcconfig"; path = "Pods/Target Support Files/Pods-ChatSample/Pods-ChatSample.debug.xcconfig"; sourceTree = "<group>"; };
/* End PBXFileReference section */

/* Begin PBXFrameworksBuildPhase section */
		5114B1381D3D975E002D339B /* Frameworks */ = {
			isa = PBXFrameworksBuildPhase;
			buildActionMask = 2147483647;
			files = (
				7E58EC97201D9812001FECCB /* MapKit.framework in Frameworks */,
				887973158E9D47EC0F47266D /* libPods-ChatSample.a in Frameworks */,
			);
			runOnlyForDeploymentPostprocessing = 0;
		};
/* End PBXFrameworksBuildPhase section */

/* Begin PBXGroup section */
		5114B1321D3D975E002D339B = {
			isa = PBXGroup;
			children = (
				5114B13D1D3D975E002D339B /* ChatSample */,
				5114B13C1D3D975E002D339B /* Products */,
				CFDAA8C0F59262A6E49B5094 /* Pods */,
				BAAA709C0DBC29D12FED48DF /* Frameworks */,
			);
			sourceTree = "<group>";
		};
		5114B13C1D3D975E002D339B /* Products */ = {
			isa = PBXGroup;
			children = (
				5114B13B1D3D975E002D339B /* ChatSample.app */,
			);
			name = Products;
			sourceTree = "<group>";
		};
		5114B13D1D3D975E002D339B /* ChatSample */ = {
			isa = PBXGroup;
			children = (
				5114B1411D3D975E002D339B /* AppDelegate.h */,
				5114B1421D3D975E002D339B /* AppDelegate.m */,
				5114B1471D3D975E002D339B /* Main.storyboard */,
				5114B14C1D3D975E002D339B /* LaunchScreen.storyboard */,
				7E8D3597201B1A3D0015851C /* Assets.xcassets */,
				5114B14F1D3D975E002D339B /* Info.plist */,
				5114B13E1D3D975E002D339B /* Supporting Files */,
				7E499763203FC3D1004FEE06 /* main.m */,
				7E499760203FB686004FEE06 /* MapPerson.h */,
				7E499761203FB686004FEE06 /* MapPerson.m */,
				7E58EC93201D7455001FECCB /* MapController.h */,
				7E58EC94201D758E001FECCB /* MapController.m */,
				7EC804BB202D4877009E961C /* MapAnnotation.h */,
				7EC804B9202D485B009E961C /* MapAnnotation.m */,
				5114B16F1D3DAF2B002D339B /* ChatListController.h */,
				5114B1701D3DAF2B002D339B /* ChatListController.m */,
				5114B1721D3DB7EA002D339B /* ChatViewController.h */,
				5114B1731D3DB7EA002D339B /* ChatViewController.m */,
				847978DE20AFC4B800A379EA /* Location.h */,
				847978DD20AFC4B800A379EA /* Location.m */,
				5114B1751D3ED4F4002D339B /* Message.h */,
				5114B1761D3ED4F4002D339B /* Message.m */,
				7E499768203FD8D3004FEE06 /* DetailsForm.h */,
				7E499769203FD8D3004FEE06 /* DetailsForm.m */,
			);
			path = ChatSample;
			sourceTree = "<group>";
		};
		5114B13E1D3D975E002D339B /* Supporting Files */ = {
			isa = PBXGroup;
			children = (
			);
			name = "Supporting Files";
			sourceTree = "<group>";
		};
		BAAA709C0DBC29D12FED48DF /* Frameworks */ = {
			isa = PBXGroup;
			children = (
				7E58EC96201D9812001FECCB /* MapKit.framework */,
				4D7C73E0FA3AD98AD277E8A2 /* libPods-ChatSample.a */,
			);
			name = Frameworks;
			sourceTree = "<group>";
		};
		CFDAA8C0F59262A6E49B5094 /* Pods */ = {
			isa = PBXGroup;
			children = (
				8613FF8DA5AB6F0C36D2D42E /* Pods-ChatSample.debug.xcconfig */,
				801B08660A63D406584BBDCE /* Pods-ChatSample.release.xcconfig */,
			);
			name = Pods;
			sourceTree = "<group>";
		};
/* End PBXGroup section */

/* Begin PBXNativeTarget section */
		5114B13A1D3D975E002D339B /* ChatSample */ = {
			isa = PBXNativeTarget;
			buildConfigurationList = 5114B1521D3D975E002D339B /* Build configuration list for PBXNativeTarget "ChatSample" */;
			buildPhases = (
				248D7DF3AF03286E224C0DC0 /* [CP] Check Pods Manifest.lock */,
				5114B1371D3D975E002D339B /* Sources */,
				5114B1381D3D975E002D339B /* Frameworks */,
				5114B1391D3D975E002D339B /* Resources */,
				5114B1611D3DA1C3002D339B /* Embed Frameworks */,
				D100FA9F698DE3493A147AFF /* [CP] Embed Pods Frameworks */,
				698932EEE369C6A0A0951D6C /* [CP] Copy Pods Resources */,
			);
			buildRules = (
			);
			dependencies = (
			);
			name = ChatSample;
			productName = ChatSample;
			productReference = 5114B13B1D3D975E002D339B /* ChatSample.app */;
			productType = "com.apple.product-type.application";
		};
/* End PBXNativeTarget section */

/* Begin PBXProject section */
		5114B1331D3D975E002D339B /* Project object */ = {
			isa = PBXProject;
			attributes = {
				LastUpgradeCheck = 0930;
				ORGANIZATIONNAME = "Bridgefy Inc.";
				TargetAttributes = {
					5114B13A1D3D975E002D339B = {
						CreatedOnToolsVersion = 7.2;
						DevelopmentTeam = 96XBZBC874;
						ProvisioningStyle = Automatic;
					};
				};
			};
			buildConfigurationList = 5114B1361D3D975E002D339B /* Build configuration list for PBXProject "ChatSample" */;
			compatibilityVersion = "Xcode 3.2";
			developmentRegion = English;
			hasScannedForEncodings = 0;
			knownRegions = (
				en,
				Base,
			);
			mainGroup = 5114B1321D3D975E002D339B;
			productRefGroup = 5114B13C1D3D975E002D339B /* Products */;
			projectDirPath = "";
			projectRoot = "";
			targets = (
				5114B13A1D3D975E002D339B /* ChatSample */,
			);
		};
/* End PBXProject section */

/* Begin PBXResourcesBuildPhase section */
		5114B1391D3D975E002D339B /* Resources */ = {
			isa = PBXResourcesBuildPhase;
			buildActionMask = 2147483647;
			files = (
				5114B14E1D3D975E002D339B /* LaunchScreen.storyboard in Resources */,
				7E8D3598201B1A3D0015851C /* Assets.xcassets in Resources */,
				5114B1491D3D975E002D339B /* Main.storyboard in Resources */,
			);
			runOnlyForDeploymentPostprocessing = 0;
		};
/* End PBXResourcesBuildPhase section */

/* Begin PBXShellScriptBuildPhase section */
		248D7DF3AF03286E224C0DC0 /* [CP] Check Pods Manifest.lock */ = {
			isa = PBXShellScriptBuildPhase;
			buildActionMask = 2147483647;
			files = (
			);
			inputPaths = (
				"${PODS_PODFILE_DIR_PATH}/Podfile.lock",
				"${PODS_ROOT}/Manifest.lock",
			);
			name = "[CP] Check Pods Manifest.lock";
			outputPaths = (
				"$(DERIVED_FILE_DIR)/Pods-ChatSample-checkManifestLockResult.txt",
			);
			runOnlyForDeploymentPostprocessing = 0;
			shellPath = /bin/sh;
			shellScript = "diff \"${PODS_PODFILE_DIR_PATH}/Podfile.lock\" \"${PODS_ROOT}/Manifest.lock\" > /dev/null\nif [ $? != 0 ] ; then\n    # print error to STDERR\n    echo \"error: The sandbox is not in sync with the Podfile.lock. Run 'pod install' or update your CocoaPods installation.\" >&2\n    exit 1\nfi\n# This output is used by Xcode 'outputs' to avoid re-running this script phase.\necho \"SUCCESS\" > \"${SCRIPT_OUTPUT_FILE_0}\"\n";
			showEnvVarsInLog = 0;
		};
		698932EEE369C6A0A0951D6C /* [CP] Copy Pods Resources */ = {
			isa = PBXShellScriptBuildPhase;
			buildActionMask = 2147483647;
			files = (
			);
			inputPaths = (
			);
			name = "[CP] Copy Pods Resources";
			outputPaths = (
			);
			runOnlyForDeploymentPostprocessing = 0;
			shellPath = /bin/sh;
			shellScript = "\"${SRCROOT}/Pods/Target Support Files/Pods-ChatSample/Pods-ChatSample-resources.sh\"\n";
			showEnvVarsInLog = 0;
		};
		D100FA9F698DE3493A147AFF /* [CP] Embed Pods Frameworks */ = {
			isa = PBXShellScriptBuildPhase;
			buildActionMask = 2147483647;
			files = (
			);
			inputPaths = (
				"${SRCROOT}/Pods/Target Support Files/Pods-ChatSample/Pods-ChatSample-frameworks.sh",
				"${PODS_ROOT}/BFTransmitter/BFTransmitter.framework",
			);
			name = "[CP] Embed Pods Frameworks";
			outputPaths = (
				"${TARGET_BUILD_DIR}/${FRAMEWORKS_FOLDER_PATH}/BFTransmitter.framework",
			);
			runOnlyForDeploymentPostprocessing = 0;
			shellPath = /bin/sh;
			shellScript = "\"${SRCROOT}/Pods/Target Support Files/Pods-ChatSample/Pods-ChatSample-frameworks.sh\"\n";
			showEnvVarsInLog = 0;
		};
/* End PBXShellScriptBuildPhase section */

/* Begin PBXSourcesBuildPhase section */
		5114B1371D3D975E002D339B /* Sources */ = {
			isa = PBXSourcesBuildPhase;
			buildActionMask = 2147483647;
			files = (
				5114B1431D3D975E002D339B /* AppDelegate.m in Sources */,
				5114B1771D3ED4F4002D339B /* Message.m in Sources */,
				7E499762203FB686004FEE06 /* MapPerson.m in Sources */,
				5114B1741D3DB7EA002D339B /* ChatViewController.m in Sources */,
				7E58EC95201D758E001FECCB /* MapController.m in Sources */,
				7E49976A203FD8D3004FEE06 /* DetailsForm.m in Sources */,
				847978DF20AFC4B800A379EA /* Location.m in Sources */,
				5114B1711D3DAF2B002D339B /* ChatListController.m in Sources */,
				7E499764203FC3D1004FEE06 /* main.m in Sources */,
				7EC804BA202D485B009E961C /* MapAnnotation.m in Sources */,
			);
			runOnlyForDeploymentPostprocessing = 0;
		};
/* End PBXSourcesBuildPhase section */

/* Begin PBXVariantGroup section */
		5114B1471D3D975E002D339B /* Main.storyboard */ = {
			isa = PBXVariantGroup;
			children = (
				5114B1481D3D975E002D339B /* Base */,
			);
			name = Main.storyboard;
			sourceTree = "<group>";
		};
		5114B14C1D3D975E002D339B /* LaunchScreen.storyboard */ = {
			isa = PBXVariantGroup;
			children = (
				5114B14D1D3D975E002D339B /* Base */,
			);
			name = LaunchScreen.storyboard;
			sourceTree = "<group>";
		};
/* End PBXVariantGroup section */

/* Begin XCBuildConfiguration section */
		5114B1501D3D975E002D339B /* Debug */ = {
			isa = XCBuildConfiguration;
			buildSettings = {
				ALWAYS_SEARCH_USER_PATHS = NO;
				CLANG_CXX_LANGUAGE_STANDARD = "gnu++0x";
				CLANG_CXX_LIBRARY = "libc++";
				CLANG_ENABLE_MODULES = YES;
				CLANG_ENABLE_OBJC_ARC = YES;
				CLANG_WARN_BLOCK_CAPTURE_AUTORELEASING = YES;
				CLANG_WARN_BOOL_CONVERSION = YES;
				CLANG_WARN_COMMA = YES;
				CLANG_WARN_CONSTANT_CONVERSION = YES;
				CLANG_WARN_DEPRECATED_OBJC_IMPLEMENTATIONS = YES;
				CLANG_WARN_DIRECT_OBJC_ISA_USAGE = YES_ERROR;
				CLANG_WARN_EMPTY_BODY = YES;
				CLANG_WARN_ENUM_CONVERSION = YES;
				CLANG_WARN_INFINITE_RECURSION = YES;
				CLANG_WARN_INT_CONVERSION = YES;
				CLANG_WARN_NON_LITERAL_NULL_CONVERSION = YES;
				CLANG_WARN_OBJC_IMPLICIT_RETAIN_SELF = YES;
				CLANG_WARN_OBJC_LITERAL_CONVERSION = YES;
				CLANG_WARN_OBJC_ROOT_CLASS = YES_ERROR;
				CLANG_WARN_RANGE_LOOP_ANALYSIS = YES;
				CLANG_WARN_STRICT_PROTOTYPES = YES;
				CLANG_WARN_SUSPICIOUS_MOVE = YES;
				CLANG_WARN_UNREACHABLE_CODE = YES;
				CLANG_WARN__DUPLICATE_METHOD_MATCH = YES;
				"CODE_SIGN_IDENTITY[sdk=iphoneos*]" = "iPhone Developer";
				COPY_PHASE_STRIP = NO;
				DEBUG_INFORMATION_FORMAT = dwarf;
				ENABLE_STRICT_OBJC_MSGSEND = YES;
				ENABLE_TESTABILITY = YES;
				GCC_C_LANGUAGE_STANDARD = gnu99;
				GCC_DYNAMIC_NO_PIC = NO;
				GCC_NO_COMMON_BLOCKS = YES;
				GCC_OPTIMIZATION_LEVEL = 0;
				GCC_PREPROCESSOR_DEFINITIONS = (
					"DEBUG=1",
					"$(inherited)",
				);
				GCC_WARN_64_TO_32_BIT_CONVERSION = YES;
				GCC_WARN_ABOUT_RETURN_TYPE = YES_ERROR;
				GCC_WARN_UNDECLARED_SELECTOR = YES;
				GCC_WARN_UNINITIALIZED_AUTOS = YES_AGGRESSIVE;
				GCC_WARN_UNUSED_FUNCTION = YES;
				GCC_WARN_UNUSED_VARIABLE = YES;
				IPHONEOS_DEPLOYMENT_TARGET = 9.2;
				MTL_ENABLE_DEBUG_INFO = YES;
				ONLY_ACTIVE_ARCH = YES;
				SDKROOT = iphoneos;
				TARGETED_DEVICE_FAMILY = "1,2";
			};
			name = Debug;
		};
		5114B1511D3D975E002D339B /* Release */ = {
			isa = XCBuildConfiguration;
			buildSettings = {
				ALWAYS_SEARCH_USER_PATHS = NO;
				CLANG_CXX_LANGUAGE_STANDARD = "gnu++0x";
				CLANG_CXX_LIBRARY = "libc++";
				CLANG_ENABLE_MODULES = YES;
				CLANG_ENABLE_OBJC_ARC = YES;
				CLANG_WARN_BLOCK_CAPTURE_AUTORELEASING = YES;
				CLANG_WARN_BOOL_CONVERSION = YES;
				CLANG_WARN_COMMA = YES;
				CLANG_WARN_CONSTANT_CONVERSION = YES;
				CLANG_WARN_DEPRECATED_OBJC_IMPLEMENTATIONS = YES;
				CLANG_WARN_DIRECT_OBJC_ISA_USAGE = YES_ERROR;
				CLANG_WARN_EMPTY_BODY = YES;
				CLANG_WARN_ENUM_CONVERSION = YES;
				CLANG_WARN_INFINITE_RECURSION = YES;
				CLANG_WARN_INT_CONVERSION = YES;
				CLANG_WARN_NON_LITERAL_NULL_CONVERSION = YES;
				CLANG_WARN_OBJC_IMPLICIT_RETAIN_SELF = YES;
				CLANG_WARN_OBJC_LITERAL_CONVERSION = YES;
				CLANG_WARN_OBJC_ROOT_CLASS = YES_ERROR;
				CLANG_WARN_RANGE_LOOP_ANALYSIS = YES;
				CLANG_WARN_STRICT_PROTOTYPES = YES;
				CLANG_WARN_SUSPICIOUS_MOVE = YES;
				CLANG_WARN_UNREACHABLE_CODE = YES;
				CLANG_WARN__DUPLICATE_METHOD_MATCH = YES;
				"CODE_SIGN_IDENTITY[sdk=iphoneos*]" = "iPhone Developer";
				COPY_PHASE_STRIP = NO;
				DEBUG_INFORMATION_FORMAT = "dwarf-with-dsym";
				ENABLE_NS_ASSERTIONS = NO;
				ENABLE_STRICT_OBJC_MSGSEND = YES;
				GCC_C_LANGUAGE_STANDARD = gnu99;
				GCC_NO_COMMON_BLOCKS = YES;
				GCC_WARN_64_TO_32_BIT_CONVERSION = YES;
				GCC_WARN_ABOUT_RETURN_TYPE = YES_ERROR;
				GCC_WARN_UNDECLARED_SELECTOR = YES;
				GCC_WARN_UNINITIALIZED_AUTOS = YES_AGGRESSIVE;
				GCC_WARN_UNUSED_FUNCTION = YES;
				GCC_WARN_UNUSED_VARIABLE = YES;
				IPHONEOS_DEPLOYMENT_TARGET = 9.2;
				MTL_ENABLE_DEBUG_INFO = NO;
				SDKROOT = iphoneos;
				TARGETED_DEVICE_FAMILY = "1,2";
				VALIDATE_PRODUCT = YES;
			};
			name = Release;
		};
		5114B1531D3D975E002D339B /* Debug */ = {
			isa = XCBuildConfiguration;
			baseConfigurationReference = 8613FF8DA5AB6F0C36D2D42E /* Pods-ChatSample.debug.xcconfig */;
			buildSettings = {
				ASSETCATALOG_COMPILER_APPICON_NAME = "Appicon-1";
				"CODE_SIGN_IDENTITY[sdk=iphoneos*]" = "iPhone Developer";
				DEVELOPMENT_TEAM = 96XBZBC874;
				FRAMEWORK_SEARCH_PATHS = "$(inherited)";
				INFOPLIST_FILE = ChatSample/Info.plist;
				IPHONEOS_DEPLOYMENT_TARGET = 9.1;
				LD_RUNPATH_SEARCH_PATHS = "$(inherited) @executable_path/Frameworks";
				PRODUCT_BUNDLE_IDENTIFIER = com.test.mesh3;
				PRODUCT_NAME = "$(TARGET_NAME)";
				PROVISIONING_PROFILE = "";
				PROVISIONING_PROFILE_SPECIFIER = "";
			};
			name = Debug;
		};
		5114B1541D3D975E002D339B /* Release */ = {
			isa = XCBuildConfiguration;
			baseConfigurationReference = 801B08660A63D406584BBDCE /* Pods-ChatSample.release.xcconfig */;
			buildSettings = {
				ASSETCATALOG_COMPILER_APPICON_NAME = "Appicon-1";
				"CODE_SIGN_IDENTITY[sdk=iphoneos*]" = "iPhone Developer";
				DEVELOPMENT_TEAM = 96XBZBC874;
				FRAMEWORK_SEARCH_PATHS = "$(inherited)";
				INFOPLIST_FILE = ChatSample/Info.plist;
				IPHONEOS_DEPLOYMENT_TARGET = 9.1;
				LD_RUNPATH_SEARCH_PATHS = "$(inherited) @executable_path/Frameworks";
				PRODUCT_BUNDLE_IDENTIFIER = com.test.mesh3;
				PRODUCT_NAME = "$(TARGET_NAME)";
				PROVISIONING_PROFILE = "";
				PROVISIONING_PROFILE_SPECIFIER = "";
			};
			name = Release;
		};
/* End XCBuildConfiguration section */

/* Begin XCConfigurationList section */
		5114B1361D3D975E002D339B /* Build configuration list for PBXProject "ChatSample" */ = {
			isa = XCConfigurationList;
			buildConfigurations = (
				5114B1501D3D975E002D339B /* Debug */,
				5114B1511D3D975E002D339B /* Release */,
			);
			defaultConfigurationIsVisible = 0;
			defaultConfigurationName = Release;
		};
		5114B1521D3D975E002D339B /* Build configuration list for PBXNativeTarget "ChatSample" */ = {
			isa = XCConfigurationList;
			buildConfigurations = (
				5114B1531D3D975E002D339B /* Debug */,
				5114B1541D3D975E002D339B /* Release */,
			);
			defaultConfigurationIsVisible = 0;
			defaultConfigurationName = Release;
		};
/* End XCConfigurationList section */
	};
	rootObject = 5114B1331D3D975E002D339B /* Project object */;
}
